
Microsoft Visual Studio Solution File, Format Version 12.00
# Visual Studio Version 17
VisualStudioVersion = 17.14.36616.10 d17.14
MinimumVisualStudioVersion = 10.0.40219.1
Project("{FAE04EC0-301F-11D3-BF4B-00C04F79EFBC}") = "ConversartionRelayBR", "ConversartionRelayBR.csproj", "{AAF0B0FA-75EC-4276-BC48-2DECB40F1C6D}"
EndProject
Global
	GlobalSection(SolutionConfigurationPlatforms) = preSolution
		Debug|Any CPU = Debug|Any CPU
		Release|Any CPU = Release|Any CPU
	EndGlobalSection
	GlobalSection(ProjectConfigurationPlatforms) = postSolution
		{AAF0B0FA-75EC-4276-BC48-2DECB40F1C6D}.Debug|Any CPU.ActiveCfg = Debug|Any CPU
		{AAF0B0FA-75EC-4276-BC48-2DECB40F1C6D}.Debug|Any CPU.Build.0 = Debug|Any CPU
		{AAF0B0FA-75EC-4276-BC48-2DECB40F1C6D}.Release|Any CPU.ActiveCfg = Release|Any CPU
		{AAF0B0FA-75EC-4276-BC48-2DECB40F1C6D}.Release|Any CPU.Build.0 = Release|Any CPU
	EndGlobalSection
	GlobalSection(SolutionProperties) = preSolution
		HideSolutionNode = FALSE
	EndGlobalSection
	GlobalSection(ExtensibilityGlobals) = postSolution
		SolutionGuid = {B78B2C85-D9CC-414D-B9AD-EC02E5441CC6}
	EndGlobalSection
EndGlobal
